
Microsoft Visual Studio Solution File, Format Version 12.00
# Visual Studio Version 17
VisualStudioVersion = 17.10.34916.146
MinimumVisualStudioVersion = 10.0.40219.1
Project("{FAE04EC0-301F-11D3-BF4B-00C04F79EFBC}") = "api", "api\api.csproj", "{051088BC-F021-49B6-980F-340A9D801624}"
EndProject
Global
	GlobalSection(SolutionConfigurationPlatforms) = preSolution
		Debug|Any CPU = Debug|Any CPU
		Release|Any CPU = Release|Any CPU
	EndGlobalSection
	GlobalSection(ProjectConfigurationPlatforms) = postSolution
		{051088BC-F021-49B6-980F-340A9D801624}.Debug|Any CPU.ActiveCfg = Debug|Any CPU
		{051088BC-F021-49B6-980F-340A9D801624}.Debug|Any CPU.Build.0 = Debug|Any CPU
		{051088BC-F021-49B6-980F-340A9D801624}.Release|Any CPU.ActiveCfg = Release|Any CPU
		{051088BC-F021-49B6-980F-340A9D801624}.Release|Any CPU.Build.0 = Release|Any CPU
	EndGlobalSection
	GlobalSection(SolutionProperties) = preSolution
		HideSolutionNode = FALSE
	EndGlobalSection
	GlobalSection(ExtensibilityGlobals) = postSolution
		SolutionGuid = {A3C159C1-E456-42F1-ABEF-2D8A8EE13645}
	EndGlobalSection
EndGlobal
